
Microsoft Visual Studio Solution File, Format Version 12.00
# Visual Studio 2012
Project("{FAE04EC0-301F-11D3-BF4B-00C04F79EFBC}") = "SportsStore.Domain", "SportsStore.Domain\SportsStore.Domain.csproj", "{6E96799A-D7DB-44CB-A4D2-2D3E80E72CEE}"
EndProject
Project("{FAE04EC0-301F-11D3-BF4B-00C04F79EFBC}") = "SportsStore.WebUI", "SportsStore.WebUI\SportsStore.WebUI.csproj", "{85C83ED2-124B-4F01-B1FB-25BCBE192C88}"
EndProject
Project("{FAE04EC0-301F-11D3-BF4B-00C04F79EFBC}") = "SportsStore.UnitTests", "SportsStore.UnitTests\SportsStore.UnitTests.csproj", "{21E433E2-1712-4740-A2F8-E69BBF39CC78}"
EndProject
Global
	GlobalSection(SolutionConfigurationPlatforms) = preSolution
		Debug|Any CPU = Debug|Any CPU
		Release|Any CPU = Release|Any CPU
	EndGlobalSection
	GlobalSection(ProjectConfigurationPlatforms) = postSolution
		{6E96799A-D7DB-44CB-A4D2-2D3E80E72CEE}.Debug|Any CPU.ActiveCfg = Debug|Any CPU
		{6E96799A-D7DB-44CB-A4D2-2D3E80E72CEE}.Debug|Any CPU.Build.0 = Debug|Any CPU
		{6E96799A-D7DB-44CB-A4D2-2D3E80E72CEE}.Release|Any CPU.ActiveCfg = Release|Any CPU
		{6E96799A-D7DB-44CB-A4D2-2D3E80E72CEE}.Release|Any CPU.Build.0 = Release|Any CPU
		{85C83ED2-124B-4F01-B1FB-25BCBE192C88}.Debug|Any CPU.ActiveCfg = Debug|Any CPU
		{85C83ED2-124B-4F01-B1FB-25BCBE192C88}.Debug|Any CPU.Build.0 = Debug|Any CPU
		{85C83ED2-124B-4F01-B1FB-25BCBE192C88}.Release|Any CPU.ActiveCfg = Release|Any CPU
		{85C83ED2-124B-4F01-B1FB-25BCBE192C88}.Release|Any CPU.Build.0 = Release|Any CPU
		{21E433E2-1712-4740-A2F8-E69BBF39CC78}.Debug|Any CPU.ActiveCfg = Debug|Any CPU
		{21E433E2-1712-4740-A2F8-E69BBF39CC78}.Debug|Any CPU.Build.0 = Debug|Any CPU
		{21E433E2-1712-4740-A2F8-E69BBF39CC78}.Release|Any CPU.ActiveCfg = Release|Any CPU
		{21E433E2-1712-4740-A2F8-E69BBF39CC78}.Release|Any CPU.Build.0 = Release|Any CPU
	EndGlobalSection
	GlobalSection(SolutionProperties) = preSolution
		HideSolutionNode = FALSE
	EndGlobalSection
EndGlobal
